# Generated by pub
# See https://dart.dev/tools/pub/glossary#lockfile
packages:
  _flutterfire_internals:
    dependency: transitive
    description:
      name: _flutterfire_internals
      sha256: "2489c399d8b23a12704bd9e056e3df957c69ceec621f4fc8d69fa7cd5211d1f4"
      url: "https://pub.dev"
    source: hosted
    version: "1.3.24"
  async:
    dependency: transitive
    description:
      name: async
      sha256: "947bfcf187f74dbc5e146c9eb9c0f10c9f8b30743e341481c1e2ed3ecc18c20c"
      url: "https://pub.dev"
    source: hosted
    version: "2.11.0"
  auto_size_text:
    dependency: transitive
    description:
      name: auto_size_text
      sha256: "3f5261cd3fb5f2a9ab4e2fc3fba84fd9fcaac8821f20a1d4e71f557521b22599"
      url: "https://pub.dev"
    source: hosted
    version: "3.0.0"
  barcode:
    dependency: transitive
    description:
      name: barcode
      sha256: "91b143666f7bb13636f716b6d4e412e372ab15ff7969799af8c9e30a382e9385"
      url: "https://pub.dev"
    source: hosted
    version: "2.2.6"
  barcode_widget:
    dependency: transitive
    description:
      name: barcode_widget
      sha256: ea0c0578b5db3ca3a583d80e05eb47bfb70419e3a23b920d93ae7968c45c20ce
      url: "https://pub.dev"
    source: hosted
    version: "2.0.3"
  boolean_selector:
    dependency: transitive
    description:
      name: boolean_selector
      sha256: "6cfb5af12253eaf2b368f07bacc5a80d1301a071c73360d746b7f2e32d762c66"
      url: "https://pub.dev"
    source: hosted
    version: "2.1.1"
  built_collection:
    dependency: transitive
    description:
      name: built_collection
      sha256: "376e3dd27b51ea877c28d525560790aee2e6fbb5f20e2f85d5081027d94e2100"
      url: "https://pub.dev"
    source: hosted
    version: "5.1.1"
  cached_network_image:
    dependency: transitive
    description:
      name: cached_network_image
      sha256: e764e48ef036cabdf84319ba7b8b5871b6b43266e14de787cb43f77639089ae5
      url: "https://pub.dev"
    source: hosted
    version: "3.2.1"
  cached_network_image_platform_interface:
    dependency: transitive
    description:
      name: cached_network_image_platform_interface
      sha256: "8e2b5befefec5063bee8f209fda21751f6328d405d4237c70f21104568b2fee7"
      url: "https://pub.dev"
    source: hosted
    version: "1.0.0"
  cached_network_image_web:
    dependency: transitive
    description:
      name: cached_network_image_web
      sha256: d4351c7eb16767df129b0474a5ebc4e028870379c063e8ba265a56aa00831e70
      url: "https://pub.dev"
    source: hosted
    version: "1.0.1"
  carousel_slider:
    dependency: transitive
    description:
      name: carousel_slider
      sha256: "9c695cc963bf1d04a47bd6021f68befce8970bcd61d24938e1fb0918cf5d9c42"
      url: "https://pub.dev"
    source: hosted
    version: "4.2.1"
  characters:
    dependency: transitive
    description:
      name: characters
      sha256: "04a925763edad70e8443c99234dc3328f442e811f1d8fd1a72f1c8ad0f69a605"
      url: "https://pub.dev"
    source: hosted
    version: "1.3.0"
  clock:
    dependency: transitive
    description:
      name: clock
      sha256: cb6d7f03e1de671e34607e909a7213e31d7752be4fb66a86d29fe1eb14bfb5cf
      url: "https://pub.dev"
    source: hosted
    version: "1.1.1"
  cloud_firestore:
    dependency: "direct main"
    description:
      name: cloud_firestore
      sha256: f7488f2092c1b33d855ac4bdd46de9a3bb8029c4ea5caebb52dfaf812c90f0a4
      url: "https://pub.dev"
    source: hosted
    version: "4.15.7"
  cloud_firestore_platform_interface:
    dependency: transitive
    description:
      name: cloud_firestore_platform_interface
      sha256: adff62e6d3736d8c529a417487d81c5bec1be227e0c04ba95ef64364485aee09
      url: "https://pub.dev"
    source: hosted
    version: "6.1.8"
  cloud_firestore_web:
    dependency: transitive
    description:
      name: cloud_firestore_web
      sha256: "73efac045b40263001b9265a375b1bd4032945dc6b888698d8add927dc74b818"
      url: "https://pub.dev"
    source: hosted
    version: "3.10.7"
  collection:
    dependency: transitive
    description:
      name: collection
      sha256: ee67cb0715911d28db6bf4af1026078bd6f0128b07a5f66fb2ed94ec6783c09a
      url: "https://pub.dev"
    source: hosted
    version: "1.18.0"
  cross_file:
    dependency: transitive
    description:
      name: cross_file
      sha256: fedaadfa3a6996f75211d835aaeb8fede285dae94262485698afd832371b9a5e
      url: "https://pub.dev"
    source: hosted
    version: "0.3.3+8"
  crypto:
    dependency: transitive
    description:
      name: crypto
      sha256: ff625774173754681d66daaf4a448684fb04b78f902da9cb3d308c19cc5e8bab
      url: "https://pub.dev"
    source: hosted
    version: "3.0.3"
  csslib:
    dependency: transitive
    description:
      name: csslib
      sha256: "706b5707578e0c1b4b7550f64078f0a0f19dec3f50a178ffae7006b0a9ca58fb"
      url: "https://pub.dev"
    source: hosted
    version: "1.0.0"
  cupertino_icons:
    dependency: "direct main"
    description:
      name: cupertino_icons
      sha256: d57953e10f9f8327ce64a508a355f0b1ec902193f66288e8cb5070e7c47eeb2d
      url: "https://pub.dev"
    source: hosted
    version: "1.0.6"
  dart_either:
    dependency: transitive
    description:
      name: dart_either
      sha256: "928895b8266ac5906eb4e2993fead563a73b17fc86eec6b40172100d56ca2507"
      url: "https://pub.dev"
    source: hosted
    version: "1.0.0"
  emoji_flag_converter:
    dependency: transitive
    description:
      name: emoji_flag_converter
      sha256: "3be8a0d1b0efbc7713113369ca9671ed73c04dfe80159562b1b725c4259d3e35"
      url: "https://pub.dev"
    source: hosted
    version: "1.1.0"
  equatable:
    dependency: transitive
    description:
      name: equatable
      sha256: c2b87cb7756efdf69892005af546c56c0b5037f54d2a88269b4f347a505e3ca2
      url: "https://pub.dev"
    source: hosted
    version: "2.0.5"
  fake_async:
    dependency: transitive
    description:
      name: fake_async
      sha256: "511392330127add0b769b75a987850d136345d9227c6b94c96a04cf4a391bf78"
      url: "https://pub.dev"
    source: hosted
    version: "1.3.1"
  ffi:
    dependency: transitive
    description:
      name: ffi
      sha256: "7bf0adc28a23d395f19f3f1eb21dd7cfd1dd9f8e1c50051c069122e6853bc878"
      url: "https://pub.dev"
    source: hosted
    version: "2.1.0"
  file:
    dependency: transitive
    description:
      name: file
      sha256: "1b92bec4fc2a72f59a8e15af5f52cd441e4a7860b49499d69dfa817af20e925d"
      url: "https://pub.dev"
    source: hosted
    version: "6.1.4"
  file_selector_linux:
    dependency: transitive
    description:
      name: file_selector_linux
      sha256: "045d372bf19b02aeb69cacf8b4009555fb5f6f0b7ad8016e5f46dd1387ddd492"
      url: "https://pub.dev"
    source: hosted
    version: "0.9.2+1"
  file_selector_macos:
    dependency: transitive
    description:
      name: file_selector_macos
      sha256: b15c3da8bd4908b9918111fa486903f5808e388b8d1c559949f584725a6594d6
      url: "https://pub.dev"
    source: hosted
    version: "0.9.3+3"
  file_selector_platform_interface:
    dependency: transitive
    description:
      name: file_selector_platform_interface
      sha256: a3994c26f10378a039faa11de174d7b78eb8f79e4dd0af2a451410c1a5c3f66b
      url: "https://pub.dev"
    source: hosted
    version: "2.6.2"
  file_selector_windows:
    dependency: transitive
    description:
      name: file_selector_windows
      sha256: d3547240c20cabf205c7c7f01a50ecdbc413755814d6677f3cb366f04abcead0
      url: "https://pub.dev"
    source: hosted
    version: "0.9.3+1"
  firebase_auth:
    dependency: "direct main"
    description:
      name: firebase_auth
      sha256: "8ca05d45c47451586b753e7e9040378e87cdd72220a73d3a343600dd7b138181"
      url: "https://pub.dev"
    source: hosted
    version: "4.17.7"
  firebase_auth_platform_interface:
    dependency: transitive
    description:
      name: firebase_auth_platform_interface
      sha256: "9214148dde687d07f8e593d3b95f17fc2282167a98c04765115a1c3119837a5f"
      url: "https://pub.dev"
    source: hosted
    version: "7.1.7"
  firebase_auth_web:
    dependency: transitive
    description:
      name: firebase_auth_web
      sha256: "287e858f1fe8a62a4a7b99a47800713f98d41bef24548095e7165f65b4e0e78d"
      url: "https://pub.dev"
    source: hosted
    version: "5.9.7"
  firebase_core:
    dependency: "direct main"
    description:
      name: firebase_core
      sha256: a746f861618eef57a11d8b658a2db1fa5a336fc82ba65b7763d7e2292687de2b
      url: "https://pub.dev"
    source: hosted
    version: "2.26.0"
  firebase_core_platform_interface:
    dependency: transitive
    description:
      name: firebase_core_platform_interface
      sha256: c437ae5d17e6b5cc7981cf6fd458a5db4d12979905f9aafd1fea930428a9fe63
      url: "https://pub.dev"
    source: hosted
    version: "5.0.0"
  firebase_core_web:
    dependency: transitive
    description:
      name: firebase_core_web
      sha256: c8e1d59385eee98de63c92f961d2a7062c5d9a65e7f45bdc7f1b0b205aab2492
      url: "https://pub.dev"
    source: hosted
    version: "2.11.5"
  firebase_database:
    dependency: "direct main"
    description:
      name: firebase_database
      sha256: da28ae4aa9345d41b6e5b912c0752d141c31c8f0ff6048974c39955bcf4bcfd7
      url: "https://pub.dev"
    source: hosted
    version: "10.4.8"
  firebase_database_platform_interface:
    dependency: transitive
    description:
      name: firebase_database_platform_interface
      sha256: "9093c79ac524a86b0b74bced74331d28de1e72653d9bbee9aa272361b1275109"
      url: "https://pub.dev"
    source: hosted
    version: "0.2.5+24"
  firebase_database_web:
    dependency: transitive
    description:
      name: firebase_database_web
      sha256: "95bf837ab437ffe21337303b254c122c3c0bc8f0da06356d922a5b3fd78a8b47"
      url: "https://pub.dev"
    source: hosted
    version: "0.2.3+24"
  firebase_storage:
    dependency: "direct main"
    description:
      name: firebase_storage
      sha256: "8e93e9462f353946c471d5ab6f2eeedcb163fdecb5a8c44b152d962ee9093d40"
      url: "https://pub.dev"
    source: hosted
    version: "11.6.8"
  firebase_storage_platform_interface:
    dependency: transitive
    description:
      name: firebase_storage_platform_interface
      sha256: ca9dbfc61c91c2d918004f8d1eb214171f941c789c1216e94eedbe45c8d29a21
      url: "https://pub.dev"
    source: hosted
    version: "5.1.11"
  firebase_storage_web:
    dependency: transitive
    description:
      name: firebase_storage_web
      sha256: "076c336dee318fe32be5bec4eac9682aaf39bd224040113768c74b601650546c"
      url: "https://pub.dev"
    source: hosted
    version: "3.7.2"
  fl_chart:
    dependency: transitive
    description:
      name: fl_chart
      sha256: cf46edb10b096dc6197e561f6bb7929371baaaff2bca7848982670a152e3d23f
      url: "https://pub.dev"
    source: hosted
    version: "0.55.0"
  flutter:
    dependency: "direct main"
    description: flutter
    source: sdk
    version: "0.0.0"
  flutter_animate:
    dependency: "direct main"
    description:
      name: flutter_animate
      sha256: f611a67082d4c5ff9b8b7737ec7e675a22af70a94c8c3c22109f14b078d4d2bf
      url: "https://pub.dev"
    source: hosted
    version: "4.1.1+1"
  flutter_bloc_pattern:
    dependency: transitive
    description:
      name: flutter_bloc_pattern
      sha256: "76fc4e7cd79cfe770ca69a0ea8133cf1ac180ecf42e86d316db3693fcd871501"
      url: "https://pub.dev"
    source: hosted
    version: "2.3.0"
  flutter_blurhash:
    dependency: transitive
    description:
      name: flutter_blurhash
      sha256: "05001537bd3fac7644fa6558b09ec8c0a3f2eba78c0765f88912882b1331a5c6"
      url: "https://pub.dev"
    source: hosted
    version: "0.7.0"
  flutter_cache_manager:
    dependency: transitive
    description:
      name: flutter_cache_manager
      sha256: "32cd900555219333326a2d0653aaaf8671264c29befa65bbd9856d204a4c9fb3"
      url: "https://pub.dev"
    source: hosted
    version: "3.3.0"
  flutter_credit_card:
    dependency: transitive
    description:
      name: flutter_credit_card
      sha256: "1319687c72d124ce6c902c9e29cbc34f4472fe406a59fa2701d25313e70ba8c7"
      url: "https://pub.dev"
    source: hosted
    version: "3.0.6"
  flutter_google_places_hoc081098:
    dependency: "direct main"
    description:
      name: flutter_google_places_hoc081098
      sha256: b416afe9004d61b643d2c6467e6401960fe3102835a5df846683f47875183b0b
      url: "https://pub.dev"
    source: hosted
    version: "1.2.0"
  flutter_lints:
    dependency: "direct dev"
    description:
      name: flutter_lints
      sha256: a25a15ebbdfc33ab1cd26c63a6ee519df92338a9c10f122adda92938253bef04
      url: "https://pub.dev"
    source: hosted
    version: "2.0.3"
  flutter_plugin_android_lifecycle:
    dependency: transitive
    description:
      name: flutter_plugin_android_lifecycle
      sha256: c224ac897bed083dabf11f238dd11a239809b446740be0c2044608c50029ffdf
      url: "https://pub.dev"
    source: hosted
    version: "2.0.9"
  flutter_provider:
    dependency: transitive
    description:
      name: flutter_provider
      sha256: "5bc7d1e9edcf364397f312b9eb901337a644a5e4a907225bcd1d7e9b020ac914"
      url: "https://pub.dev"
    source: hosted
    version: "2.1.0"
  flutter_staggered_grid_view:
    dependency: transitive
    description:
      name: flutter_staggered_grid_view
      sha256: "1312314293acceb65b92754298754801b0e1f26a1845833b740b30415bbbcf07"
      url: "https://pub.dev"
    source: hosted
    version: "0.6.2"
  flutter_test:
    dependency: "direct dev"
    description: flutter
    source: sdk
    version: "0.0.0"
  flutter_web_plugins:
    dependency: transitive
    description: flutter
    source: sdk
    version: "0.0.0"
  flutterflow_ui:
    dependency: "direct main"
    description:
      name: flutterflow_ui
      sha256: e753338d1db0e5c8a8c16fcc9086c1938fc8a1eefec00291e47626394b3221c9
      url: "https://pub.dev"
    source: hosted
    version: "0.2.0+1"
  font_awesome_flutter:
    dependency: "direct main"
    description:
      name: font_awesome_flutter
      sha256: "7811c8b4e7455d2f60ef30022a6a07376de2858b47aecbe2861965b348fe2016"
      url: "https://pub.dev"
    source: hosted
    version: "10.1.0"
  from_css_color:
    dependency: transitive
    description:
      name: from_css_color
      sha256: "5e4d1795c8d10af94e51dd97636b2a29170a132be1aceba103e9866028d20823"
      url: "https://pub.dev"
    source: hosted
    version: "2.0.0"
  geocoding:
    dependency: "direct main"
    description:
      name: geocoding
      sha256: "06d053a67733d1b9b4267259713913bc2aa750f18b830f0869ff337a8cfa8325"
      url: "https://pub.dev"
    source: hosted
    version: "2.2.0"
  geocoding_android:
    dependency: transitive
    description:
      name: geocoding_android
      sha256: "287a2009cb2c3d3dd2899ba8f3d3e38d9e06905ea429283859bfc3586d4f57fd"
      url: "https://pub.dev"
    source: hosted
    version: "3.2.0"
  geocoding_ios:
    dependency: transitive
    description:
      name: geocoding_ios
      sha256: "8a39bfb650af55209c42e564036a550b32d029e0733af01dc66c5afea50388d3"
      url: "https://pub.dev"
    source: hosted
    version: "2.3.0"
  geocoding_platform_interface:
    dependency: transitive
    description:
      name: geocoding_platform_interface
      sha256: "8c2c8226e5c276594c2e18bfe88b19110ed770aeb7c1ab50ede570be8b92229b"
      url: "https://pub.dev"
    source: hosted
    version: "3.2.0"
  geolocator:
    dependency: "direct main"
    description:
      name: geolocator
      sha256: f4efb8d3c4cdcad2e226af9661eb1a0dd38c71a9494b22526f9da80ab79520e5
      url: "https://pub.dev"
    source: hosted
    version: "10.1.1"
  geolocator_android:
    dependency: transitive
    description:
      name: geolocator_android
      sha256: "93906636752ea4d4e778afa981fdfe7409f545b3147046300df194330044d349"
      url: "https://pub.dev"
    source: hosted
    version: "4.3.1"
  geolocator_apple:
    dependency: transitive
    description:
      name: geolocator_apple
      sha256: "2f2d4ee16c4df269e93c0e382be075cc01d5db6703c3196e4af20a634fe49ef4"
      url: "https://pub.dev"
    source: hosted
    version: "2.3.6"
  geolocator_platform_interface:
    dependency: transitive
    description:
      name: geolocator_platform_interface
      sha256: "009a21c4bc2761e58dccf07c24f219adaebe0ff707abdfd40b0a763d4003fab9"
      url: "https://pub.dev"
    source: hosted
    version: "4.2.2"
  geolocator_web:
    dependency: transitive
    description:
      name: geolocator_web
      sha256: "102e7da05b48ca6bf0a5bda0010f886b171d1a08059f01bfe02addd0175ebece"
      url: "https://pub.dev"
    source: hosted
    version: "2.2.1"
  geolocator_windows:
    dependency: transitive
    description:
      name: geolocator_windows
      sha256: a92fae29779d5c6dc60e8411302f5221ade464968fe80a36d330e80a71f087af
      url: "https://pub.dev"
    source: hosted
    version: "0.2.2"
  gestures:
    dependency: "direct main"
    description:
      name: gestures
      sha256: "6e75e4ba1ad033a8be9a682974dfe6a2be96ab07b4aa8335ed37bbecb75b7770"
      url: "https://pub.dev"
    source: hosted
    version: "1.0.0"
  google_api_headers:
    dependency: "direct main"
    description:
      name: google_api_headers
      sha256: b27a55935d5c51cedda8a925f5df8388cc327c94a47fef5a4335e8707e089878
      url: "https://pub.dev"
    source: hosted
    version: "1.6.0"
  google_fonts:
    dependency: transitive
    description:
      name: google_fonts
      sha256: "927573f2e8a8d65c17931e21918ad0ab0666b1b636537de7c4932bdb487b190f"
      url: "https://pub.dev"
    source: hosted
    version: "4.0.3"
  google_maps:
    dependency: transitive
    description:
      name: google_maps
      sha256: "555d5d736339b0478e821167ac521c810d7b51c3b2734e6802a9f046b64ea37a"
      url: "https://pub.dev"
    source: hosted
    version: "6.3.0"
  google_maps_flutter:
    dependency: "direct main"
    description:
      name: google_maps_flutter
      sha256: ae66fef3e71261d7df2eff29b2a119e190b2884325ecaa55321b1e17b5504066
      url: "https://pub.dev"
    source: hosted
    version: "2.5.3"
  google_maps_flutter_android:
    dependency: transitive
    description:
      name: google_maps_flutter_android
      sha256: "256b3c974e415bd17555ceff76a5d0badd2cbfd29febfc23070993358f639550"
      url: "https://pub.dev"
    source: hosted
    version: "2.7.0"
  google_maps_flutter_ios:
    dependency: transitive
    description:
      name: google_maps_flutter_ios
      sha256: c89556ed0338fcb4b843c9fcdafac7ad2df601c8b41286d82f0727f7f66434e4
      url: "https://pub.dev"
    source: hosted
    version: "2.3.6"
  google_maps_flutter_platform_interface:
    dependency: transitive
    description:
      name: google_maps_flutter_platform_interface
      sha256: "167af879da4d004cd58771f1469b91dcc3b9b0a2c5334cc6bf71fd41d4b35403"
      url: "https://pub.dev"
    source: hosted
    version: "2.6.0"
  google_maps_flutter_web:
    dependency: transitive
    description:
      name: google_maps_flutter_web
      sha256: "6245721c160d6f531c1ef568cf9bef8d660cd585a982aa75121269030163785a"
      url: "https://pub.dev"
    source: hosted
    version: "0.5.4+3"
  google_maps_webservice:
    dependency: "direct main"
    description:
      name: google_maps_webservice
      sha256: d0ae4e4508afd74a3f051565261a3cdbae59db29448f9b6e6beb5674545e1eb7
      url: "https://pub.dev"
    source: hosted
    version: "0.0.20-nullsafety.5"
  graphs:
    dependency: transitive
    description:
      name: graphs
      sha256: aedc5a15e78fc65a6e23bcd927f24c64dd995062bcd1ca6eda65a3cff92a4d19
      url: "https://pub.dev"
    source: hosted
    version: "2.3.1"
  html:
    dependency: transitive
    description:
      name: html
      sha256: "3a7812d5bcd2894edf53dfaf8cd640876cf6cef50a8f238745c8b8120ea74d3a"
      url: "https://pub.dev"
    source: hosted
    version: "0.15.4"
  http:
    dependency: transitive
    description:
      name: http
      sha256: "5895291c13fa8a3bd82e76d5627f69e0d85ca6a30dcac95c4ea19a5d555879c2"
      url: "https://pub.dev"
    source: hosted
    version: "0.13.6"
  http_parser:
    dependency: transitive
    description:
      name: http_parser
      sha256: "2aa08ce0341cc9b354a498388e30986515406668dbcc4f7c950c3e715496693b"
      url: "https://pub.dev"
    source: hosted
    version: "4.0.2"
  image_picker:
    dependency: "direct main"
    description:
      name: image_picker
      sha256: "26222b01a0c9a2c8fe02fc90b8208bd3325da5ed1f4a2acabf75939031ac0bdd"
      url: "https://pub.dev"
    source: hosted
    version: "1.0.7"
  image_picker_android:
    dependency: transitive
    description:
      name: image_picker_android
      sha256: "39f2bfe497e495450c81abcd44b62f56c2a36a37a175da7d137b4454977b51b1"
      url: "https://pub.dev"
    source: hosted
    version: "0.8.9+3"
  image_picker_for_web:
    dependency: transitive
    description:
      name: image_picker_for_web
      sha256: e2423c53a68b579a7c37a1eda967b8ae536c3d98518e5db95ca1fe5719a730a3
      url: "https://pub.dev"
    source: hosted
    version: "3.0.2"
  image_picker_ios:
    dependency: transitive
    description:
      name: image_picker_ios
      sha256: fadafce49e8569257a0cad56d24438a6fa1f0cbd7ee0af9b631f7492818a4ca3
      url: "https://pub.dev"
    source: hosted
    version: "0.8.9+1"
  image_picker_linux:
    dependency: transitive
    description:
      name: image_picker_linux
      sha256: "4ed1d9bb36f7cd60aa6e6cd479779cc56a4cb4e4de8f49d487b1aaad831300fa"
      url: "https://pub.dev"
    source: hosted
    version: "0.2.1+1"
  image_picker_macos:
    dependency: transitive
    description:
      name: image_picker_macos
      sha256: "3f5ad1e8112a9a6111c46d0b57a7be2286a9a07fc6e1976fdf5be2bd31d4ff62"
      url: "https://pub.dev"
    source: hosted
    version: "0.2.1+1"
  image_picker_platform_interface:
    dependency: transitive
    description:
      name: image_picker_platform_interface
      sha256: fa4e815e6fcada50e35718727d83ba1c92f1edf95c0b4436554cec301b56233b
      url: "https://pub.dev"
    source: hosted
    version: "2.9.3"
  image_picker_windows:
    dependency: transitive
    description:
      name: image_picker_windows
      sha256: "6ad07afc4eb1bc25f3a01084d28520496c4a3bb0cb13685435838167c9dcedeb"
      url: "https://pub.dev"
    source: hosted
    version: "0.2.1+1"
  intl:
    dependency: transitive
    description:
      name: intl
      sha256: "3bc132a9dbce73a7e4a21a17d06e1878839ffbf975568bc875c60537824b0c4d"
      url: "https://pub.dev"
    source: hosted
    version: "0.18.1"
  iregexp:
    dependency: transitive
    description:
      name: iregexp
      sha256: "143859dcaeecf6f683102786762d70a47ef8441a0d2287a158172d32d38799cf"
      url: "https://pub.dev"
    source: hosted
    version: "0.1.2"
  js:
    dependency: transitive
    description:
      name: js
      sha256: f2c445dce49627136094980615a031419f7f3eb393237e4ecd97ac15dea343f3
      url: "https://pub.dev"
    source: hosted
    version: "0.6.7"
  js_wrapping:
    dependency: transitive
    description:
      name: js_wrapping
      sha256: e385980f7c76a8c1c9a560dfb623b890975841542471eade630b2871d243851c
      url: "https://pub.dev"
    source: hosted
    version: "0.7.4"
  json_annotation:
    dependency: transitive
    description:
      name: json_annotation
      sha256: b10a7b2ff83d83c777edba3c6a0f97045ddadd56c944e1a23a3fdf43a1bf4467
      url: "https://pub.dev"
    source: hosted
    version: "4.8.1"
  json_path:
    dependency: transitive
    description:
      name: json_path
      sha256: "149d32ceb7dc22422ea6d09e401fd688f54e1343bc9ff8c3cb1900ca3b1ad8b1"
      url: "https://pub.dev"
    source: hosted
    version: "0.7.1"
  lints:
    dependency: transitive
    description:
      name: lints
      sha256: "0a217c6c989d21039f1498c3ed9f3ed71b354e69873f13a8dfc3c9fe76f1b452"
      url: "https://pub.dev"
    source: hosted
    version: "2.1.1"
  listenable_stream:
    dependency: transitive
    description:
      name: listenable_stream
      sha256: "5458276035c7eb66477c30f8eab0942e56537ba3d268172574f7af97e265e894"
      url: "https://pub.dev"
    source: hosted
    version: "1.1.0"
  location:
    dependency: "direct main"
    description:
      name: location
      sha256: "06be54f682c9073cbfec3899eb9bc8ed90faa0e17735c9d9fa7fe426f5be1dd1"
      url: "https://pub.dev"
    source: hosted
    version: "5.0.3"
  location_platform_interface:
    dependency: transitive
    description:
      name: location_platform_interface
      sha256: "8aa1d34eeecc979d7c9fe372931d84f6d2ebbd52226a54fe1620de6fdc0753b1"
      url: "https://pub.dev"
    source: hosted
    version: "3.1.2"
  location_web:
    dependency: transitive
    description:
      name: location_web
      sha256: ec484c66e8a4ff1ee5d044c203f4b6b71e3a0556a97b739a5bc9616de672412b
      url: "https://pub.dev"
    source: hosted
    version: "4.2.0"
  matcher:
    dependency: transitive
    description:
      name: matcher
      sha256: "1803e76e6653768d64ed8ff2e1e67bea3ad4b923eb5c56a295c3e634bad5960e"
      url: "https://pub.dev"
    source: hosted
    version: "0.12.16"
  material_color_utilities:
    dependency: transitive
    description:
      name: material_color_utilities
      sha256: "9528f2f296073ff54cb9fee677df673ace1218163c3bc7628093e7eed5203d41"
      url: "https://pub.dev"
    source: hosted
    version: "0.5.0"
  maybe_just_nothing:
    dependency: transitive
    description:
      name: maybe_just_nothing
      sha256: "0c06326e26d08f6ed43247404376366dc4d756cef23a4f1db765f546224c35e0"
      url: "https://pub.dev"
    source: hosted
    version: "0.5.3"
  meta:
    dependency: transitive
    description:
      name: meta
      sha256: a6e590c838b18133bb482a2745ad77c5bb7715fb0451209e1a7567d416678b8e
      url: "https://pub.dev"
    source: hosted
    version: "1.10.0"
  mime:
    dependency: transitive
    description:
      name: mime
      sha256: "2e123074287cc9fd6c09de8336dae606d1ddb88d9ac47358826db698c176a1f2"
      url: "https://pub.dev"
    source: hosted
    version: "1.0.5"
  mime_type:
    dependency: transitive
    description:
      name: mime_type
      sha256: "2ad6e67d3d2de9ac0f8ef5352d998fd103cb21351ae8c02fb0c78b079b37d275"
      url: "https://pub.dev"
    source: hosted
    version: "1.0.0"
  nested:
    dependency: transitive
    description:
      name: nested
      sha256: "03bac4c528c64c95c722ec99280375a6f2fc708eec17c7b3f07253b626cd2a20"
      url: "https://pub.dev"
    source: hosted
    version: "1.0.0"
  octo_image:
    dependency: transitive
    description:
      name: octo_image
      sha256: "107f3ed1330006a3bea63615e81cf637433f5135a52466c7caa0e7152bca9143"
      url: "https://pub.dev"
    source: hosted
    version: "1.0.2"
  package_info_plus:
    dependency: transitive
    description:
      name: package_info_plus
      sha256: "7e76fad405b3e4016cd39d08f455a4eb5199723cf594cd1b8916d47140d93017"
      url: "https://pub.dev"
    source: hosted
    version: "4.2.0"
  package_info_plus_platform_interface:
    dependency: transitive
    description:
      name: package_info_plus_platform_interface
      sha256: "9bc8ba46813a4cc42c66ab781470711781940780fd8beddd0c3da62506d3a6c6"
      url: "https://pub.dev"
    source: hosted
    version: "2.0.1"
  page_transition:
    dependency: transitive
    description:
      name: page_transition
      sha256: "12776be3ffb2d080095e912fc4e820a85be8846913a93261148b75256b9c7691"
      url: "https://pub.dev"
    source: hosted
    version: "2.0.4"
  path:
    dependency: transitive
    description:
      name: path
      sha256: "8829d8a55c13fc0e37127c29fedf290c102f4e40ae94ada574091fe0ff96c917"
      url: "https://pub.dev"
    source: hosted
    version: "1.8.3"
  path_provider:
    dependency: transitive
    description:
      name: path_provider
      sha256: b27217933eeeba8ff24845c34003b003b2b22151de3c908d0e679e8fe1aa078b
      url: "https://pub.dev"
    source: hosted
    version: "2.1.2"
  path_provider_android:
    dependency: transitive
    description:
      name: path_provider_android
      sha256: "477184d672607c0a3bf68fbbf601805f92ef79c82b64b4d6eb318cbca4c48668"
      url: "https://pub.dev"
    source: hosted
    version: "2.2.2"
  path_provider_foundation:
    dependency: transitive
    description:
      name: path_provider_foundation
      sha256: "5a7999be66e000916500be4f15a3633ebceb8302719b47b9cc49ce924125350f"
      url: "https://pub.dev"
    source: hosted
    version: "2.3.2"
  path_provider_linux:
    dependency: transitive
    description:
      name: path_provider_linux
      sha256: f7a1fe3a634fe7734c8d3f2766ad746ae2a2884abe22e241a8b301bf5cac3279
      url: "https://pub.dev"
    source: hosted
    version: "2.2.1"
  path_provider_platform_interface:
    dependency: transitive
    description:
      name: path_provider_platform_interface
      sha256: "88f5779f72ba699763fa3a3b06aa4bf6de76c8e5de842cf6f29e2e06476c2334"
      url: "https://pub.dev"
    source: hosted
    version: "2.1.2"
  path_provider_windows:
    dependency: transitive
    description:
      name: path_provider_windows
      sha256: "8bc9f22eee8690981c22aa7fc602f5c85b497a6fb2ceb35ee5a5e5ed85ad8170"
      url: "https://pub.dev"
    source: hosted
    version: "2.2.1"
  pedantic:
    dependency: transitive
    description:
      name: pedantic
      sha256: "67fc27ed9639506c856c840ccce7594d0bdcd91bc8d53d6e52359449a1d50602"
      url: "https://pub.dev"
    source: hosted
    version: "1.11.1"
  percent_indicator:
    dependency: transitive
    description:
      name: percent_indicator
      sha256: cec41f67181fbd5322aa68b355621d1a4eea827426b8eeb613f6cbe195ff7b4a
      url: "https://pub.dev"
    source: hosted
    version: "4.2.2"
  permission_handler:
    dependency: "direct main"
    description:
      name: permission_handler
      sha256: "74e962b7fad7ff75959161bb2c0ad8fe7f2568ee82621c9c2660b751146bfe44"
      url: "https://pub.dev"
    source: hosted
    version: "11.3.0"
  permission_handler_android:
    dependency: transitive
    description:
      name: permission_handler_android
      sha256: "1acac6bae58144b442f11e66621c062aead9c99841093c38f5bcdcc24c1c3474"
      url: "https://pub.dev"
    source: hosted
    version: "12.0.5"
  permission_handler_apple:
    dependency: transitive
    description:
      name: permission_handler_apple
      sha256: bdafc6db74253abb63907f4e357302e6bb786ab41465e8635f362ee71fd8707b
      url: "https://pub.dev"
    source: hosted
    version: "9.4.0"
  permission_handler_html:
    dependency: transitive
    description:
      name: permission_handler_html
      sha256: "54bf176b90f6eddd4ece307e2c06cf977fb3973719c35a93b85cc7093eb6070d"
      url: "https://pub.dev"
    source: hosted
    version: "0.1.1"
  permission_handler_platform_interface:
    dependency: transitive
    description:
      name: permission_handler_platform_interface
      sha256: "23dfba8447c076ab5be3dee9ceb66aad345c4a648f0cac292c77b1eb0e800b78"
      url: "https://pub.dev"
    source: hosted
    version: "4.2.0"
  permission_handler_windows:
    dependency: transitive
    description:
      name: permission_handler_windows
      sha256: "1a790728016f79a41216d88672dbc5df30e686e811ad4e698bfc51f76ad91f1e"
      url: "https://pub.dev"
    source: hosted
    version: "0.2.1"
  petitparser:
    dependency: transitive
    description:
      name: petitparser
      sha256: c15605cd28af66339f8eb6fbe0e541bfe2d1b72d5825efc6598f3e0a31b9ad27
      url: "https://pub.dev"
    source: hosted
    version: "6.0.2"
  platform:
    dependency: transitive
    description:
      name: platform
      sha256: "12220bb4b65720483f8fa9450b4332347737cf8213dd2840d8b2c823e47243ec"
      url: "https://pub.dev"
    source: hosted
    version: "3.1.4"
  plugin_platform_interface:
    dependency: transitive
    description:
      name: plugin_platform_interface
      sha256: "4820fbfdb9478b1ebae27888254d445073732dae3d6ea81f0b7e06d5dedc3f02"
      url: "https://pub.dev"
    source: hosted
    version: "2.1.8"
  provider:
    dependency: "direct main"
    description:
      name: provider
      sha256: e1e7413d70444ea3096815a60fe5da1b11bda8a9dc4769252cc82c53536f8bcc
      url: "https://pub.dev"
    source: hosted
    version: "6.0.4"
  qr:
    dependency: transitive
    description:
      name: qr
      sha256: "64957a3930367bf97cc211a5af99551d630f2f4625e38af10edd6b19131b64b3"
      url: "https://pub.dev"
    source: hosted
    version: "3.0.1"
  rfc_6901:
    dependency: transitive
    description:
      name: rfc_6901
      sha256: df1bbfa3d023009598f19636d6114c6ac1e0b7bb7bf6a260f0e6e6ce91416820
      url: "https://pub.dev"
    source: hosted
    version: "0.2.0"
  rive:
    dependency: transitive
    description:
      name: rive
      sha256: "763b4915b5245428f1188d38c2ff8c26da83ca194d345daa319ca32d69ed670f"
      url: "https://pub.dev"
    source: hosted
    version: "0.10.3"
  rive_common:
    dependency: transitive
    description:
      name: rive_common
      sha256: "89c6264706b18e2526ff220bd23f3ab25ef152d57ebed4b9e4f5d72aebba4f97"
      url: "https://pub.dev"
    source: hosted
    version: "0.0.6"
  rxdart:
    dependency: transitive
    description:
      name: rxdart
      sha256: "0c7c0cedd93788d996e33041ffecda924cc54389199cde4e6a34b440f50044cb"
      url: "https://pub.dev"
    source: hosted
    version: "0.27.7"
  rxdart_ext:
    dependency: transitive
    description:
      name: rxdart_ext
      sha256: ca0b07216b4568e70d88154efd893ded54cf8cea43276c66baae245a843c326f
      url: "https://pub.dev"
    source: hosted
    version: "0.2.9"
  sanitize_html:
    dependency: transitive
    description:
      name: sanitize_html
      sha256: "12669c4a913688a26555323fb9cec373d8f9fbe091f2d01c40c723b33caa8989"
      url: "https://pub.dev"
    source: hosted
    version: "2.1.0"
  simple_gesture_detector:
    dependency: transitive
    description:
      name: simple_gesture_detector
      sha256: ba2cd5af24ff20a0b8d609cec3f40e5b0744d2a71804a2616ae086b9c19d19a3
      url: "https://pub.dev"
    source: hosted
    version: "0.2.1"
  sky_engine:
    dependency: transitive
    description: flutter
    source: sdk
    version: "0.0.99"
  smooth_page_indicator:
    dependency: transitive
    description:
      name: smooth_page_indicator
      sha256: "8c301bc686892306cd41672c1880167f140c16be305d5ede8201fefd9fcda829"
      url: "https://pub.dev"
    source: hosted
    version: "1.0.1"
  source_span:
    dependency: transitive
    description:
      name: source_span
      sha256: "53e943d4206a5e30df338fd4c6e7a077e02254531b138a15aec3bd143c1a8b3c"
      url: "https://pub.dev"
    source: hosted
    version: "1.10.0"
  sqflite:
    dependency: transitive
    description:
      name: sqflite
      sha256: "500d6fec583d2c021f2d25a056d96654f910662c64f836cd2063167b8f1fa758"
      url: "https://pub.dev"
    source: hosted
    version: "2.2.6"
  sqflite_common:
    dependency: transitive
    description:
      name: sqflite_common
      sha256: "28d8c66baee4968519fb8bd6cdbedad982d6e53359091f0b74544a9f32ec72d5"
      url: "https://pub.dev"
    source: hosted
    version: "2.5.3"
  stack_trace:
    dependency: transitive
    description:
      name: stack_trace
      sha256: "73713990125a6d93122541237550ee3352a2d84baad52d375a4cad2eb9b7ce0b"
      url: "https://pub.dev"
    source: hosted
    version: "1.11.1"
  stream_channel:
    dependency: transitive
    description:
      name: stream_channel
      sha256: ba2aa5d8cc609d96bbb2899c28934f9e1af5cddbd60a827822ea467161eb54e7
      url: "https://pub.dev"
    source: hosted
    version: "2.1.2"
  stream_transform:
    dependency: transitive
    description:
      name: stream_transform
      sha256: "14a00e794c7c11aa145a170587321aedce29769c08d7f58b1d141da75e3b1c6f"
      url: "https://pub.dev"
    source: hosted
    version: "2.1.0"
  string_scanner:
    dependency: transitive
    description:
      name: string_scanner
      sha256: "556692adab6cfa87322a115640c11f13cb77b3f076ddcc5d6ae3c20242bedcde"
      url: "https://pub.dev"
    source: hosted
    version: "1.2.0"
  swipeable_card_stack:
    dependency: transitive
    description:
      name: swipeable_card_stack
      sha256: "4b21357d042094b460554d2660fcd1486554ddba6389854055b1188c8fa85168"
      url: "https://pub.dev"
    source: hosted
    version: "0.0.5"
  synchronized:
    dependency: transitive
    description:
      name: synchronized
      sha256: "539ef412b170d65ecdafd780f924e5be3f60032a1128df156adad6c5b373d558"
      url: "https://pub.dev"
    source: hosted
    version: "3.1.0+1"
  table_calendar:
    dependency: transitive
    description:
      name: table_calendar
      sha256: "1e3521a3e6d3fc7f645a58b135ab663d458ab12504f1ea7f9b4b81d47086c478"
      url: "https://pub.dev"
    source: hosted
    version: "3.0.9"
  term_glyph:
    dependency: transitive
    description:
      name: term_glyph
      sha256: a29248a84fbb7c79282b40b8c72a1209db169a2e0542bce341da992fe1bc7e84
      url: "https://pub.dev"
    source: hosted
    version: "1.2.1"
  test_api:
    dependency: transitive
    description:
      name: test_api
      sha256: "5c2f730018264d276c20e4f1503fd1308dfbbae39ec8ee63c5236311ac06954b"
      url: "https://pub.dev"
    source: hosted
    version: "0.6.1"
  timeago:
    dependency: transitive
    description:
      name: timeago
      sha256: "3a38963615f1178531afa7177199e37522cf8dcbd93a144b597e32ec6d84bd9f"
      url: "https://pub.dev"
    source: hosted
    version: "3.2.2"
  typed_data:
    dependency: transitive
    description:
      name: typed_data
      sha256: facc8d6582f16042dd49f2463ff1bd6e2c9ef9f3d5da3d9b087e244a7b564b3c
      url: "https://pub.dev"
    source: hosted
    version: "1.3.2"
  uuid:
    dependency: transitive
    description:
      name: uuid
      sha256: "648e103079f7c64a36dc7d39369cabb358d377078a051d6ae2ad3aa539519313"
      url: "https://pub.dev"
    source: hosted
    version: "3.0.7"
  vector_math:
    dependency: transitive
    description:
      name: vector_math
      sha256: "80b3257d1492ce4d091729e3a67a60407d227c27241d6927be0130c98e741803"
      url: "https://pub.dev"
    source: hosted
    version: "2.1.4"
  web:
    dependency: transitive
    description:
      name: web
      sha256: afe077240a270dcfd2aafe77602b4113645af95d0ad31128cc02bce5ac5d5152
      url: "https://pub.dev"
    source: hosted
    version: "0.3.0"
  win32:
    dependency: transitive
    description:
      name: win32
      sha256: "464f5674532865248444b4c3daca12bd9bf2d7c47f759ce2617986e7229494a8"
      url: "https://pub.dev"
    source: hosted
    version: "5.2.0"
  xdg_directories:
    dependency: transitive
    description:
      name: xdg_directories
      sha256: faea9dee56b520b55a566385b84f2e8de55e7496104adada9962e0bd11bcff1d
      url: "https://pub.dev"
    source: hosted
    version: "1.0.4"
sdks:
  dart: ">=3.2.0 <4.0.0"
  flutter: ">=3.16.0"
